{
    "_readme": [
        "This file locks the dependencies of your project to a known state",
        "Read more about it at https://getcomposer.org/doc/01-basic-usage.md#installing-dependencies",
        "This file is @generated automatically"
    ],
    "content-hash": "bf0ca3b1f0636e21e175a133a9a138b3",
    "packages": [
        {
            "name": "facebook/php-business-sdk",
            "version": "11.0.0",
            "source": {
                "type": "git",
                "url": "https://github.com/facebook/facebook-php-business-sdk.git",
                "reference": "bd11628ea43903a95a656b8a5ea2789e4613b859"
            },
            "dist": {
                "type": "zip",
                "url": "https://api.github.com/repos/facebook/facebook-php-business-sdk/zipball/bd11628ea43903a95a656b8a5ea2789e4613b859",
                "reference": "bd11628ea43903a95a656b8a5ea2789e4613b859",
                "shasum": ""
            },
            "require": {
                "guzzlehttp/guzzle": "^6.5 || ^7.0"
            },
            "require-dev": {
                "mockery/mockery": "1.3.3",
                "phpunit/phpunit": "~8",
                "symfony/finder": "~2.6"
            },
            "type": "library",
            "autoload": {
                "psr-4": {
                    "FacebookAds\\": "src/FacebookAds/"
                }
            },
            "notification-url": "https://packagist.org/downloads/",
            "description": "PHP SDK for Facebook Business",
            "homepage": "https://developers.facebook.com/",
            "keywords": [
                "ads",
                "business",
                "facebook",
                "instagram",
                "page",
                "sdk"
            ],
            "time": "2021-06-10T18:59:41+00:00"
        },
        {
            "name": "gregwar/cache",
            "version": "v1.0.13",
            "target-dir": "Gregwar/Cache",
            "source": {
                "type": "git",
                "url": "https://github.com/Gregwar/Cache.git",
                "reference": "184cc341c25298ff7d584f86b55b6ca26626da4f"
            },
            "dist": {
                "type": "zip",
                "url": "https://api.github.com/repos/Gregwar/Cache/zipball/184cc341c25298ff7d584f86b55b6ca26626da4f",
                "reference": "184cc341c25298ff7d584f86b55b6ca26626da4f",
                "shasum": ""
            },
            "require": {
                "php": ">=5.3"
            },
            "type": "library",
            "autoload": {
                "psr-0": {
                    "Gregwar\\Cache": ""
                }
            },
            "notification-url": "https://packagist.org/downloads/",
            "license": [
                "MIT"
            ],
            "authors": [
                {
                    "name": "Gregwar",
                    "email": "g.passault@gmail.com"
                }
            ],
            "description": "A lightweight file-system cache system",
            "keywords": [
                "cache",
                "caching",
                "file-system",
                "system"
            ],
            "time": "2021-04-20T07:23:58+00:00"
        },
        {
            "name": "gregwar/image",
            "version": "v2.1.0",
            "target-dir": "Gregwar/Image",
            "source": {
                "type": "git",
                "url": "https://github.com/Gregwar/Image.git",
                "reference": "1cf64c34cbb22933b36727c16b15ed4d925b6fc6"
            },
            "dist": {
                "type": "zip",
                "url": "https://api.github.com/repos/Gregwar/Image/zipball/1cf64c34cbb22933b36727c16b15ed4d925b6fc6",
                "reference": "1cf64c34cbb22933b36727c16b15ed4d925b6fc6",
                "shasum": ""
            },
            "require": {
                "ext-gd": "*",
                "gregwar/cache": "^1.0.6",
                "php": "^5.6 || ^7.0 || ^8.0"
            },
            "require-dev": {
                "sllh/php-cs-fixer-styleci-bridge": "~1.0",
                "symfony/phpunit-bridge": "^2.7.4 || ^3.0"
            },
            "suggest": {
                "behat/transliterator": "Transliterator provides ability to set non-latin1 pretty names"
            },
            "type": "library",
            "autoload": {
                "psr-0": {
                    "Gregwar\\Image": ""
                }
            },
            "notification-url": "https://packagist.org/downloads/",
            "license": [
                "MIT"
            ],
            "authors": [
                {
                    "name": "Grégoire Passault",
                    "email": "g.passault@gmail.com",
                    "homepage": "http://www.gregwar.com/"
                }
            ],
            "description": "Image handling",
            "homepage": "https://github.com/Gregwar/Image",
            "keywords": [
                "gd",
                "image"
            ],
            "time": "2021-02-17T16:00:53+00:00"
        },
        {
            "name": "guzzlehttp/guzzle",
            "version": "7.4.1",
            "source": {
                "type": "git",
                "url": "https://github.com/guzzle/guzzle.git",
                "reference": "ee0a041b1760e6a53d2a39c8c34115adc2af2c79"
            },
            "dist": {
                "type": "zip",
                "url": "https://api.github.com/repos/guzzle/guzzle/zipball/ee0a041b1760e6a53d2a39c8c34115adc2af2c79",
                "reference": "ee0a041b1760e6a53d2a39c8c34115adc2af2c79",
                "shasum": ""
            },
            "require": {
                "ext-json": "*",
                "guzzlehttp/promises": "^1.5",
                "guzzlehttp/psr7": "^1.8.3 || ^2.1",
                "php": "^7.2.5 || ^8.0",
                "psr/http-client": "^1.0",
                "symfony/deprecation-contracts": "^2.2 || ^3.0"
            },
            "provide": {
                "psr/http-client-implementation": "1.0"
            },
            "require-dev": {
                "bamarni/composer-bin-plugin": "^1.4.1",
                "ext-curl": "*",
                "php-http/client-integration-tests": "^3.0",
                "phpunit/phpunit": "^8.5.5 || ^9.3.5",
                "psr/log": "^1.1 || ^2.0 || ^3.0"
            },
            "suggest": {
                "ext-curl": "Required for CURL handler support",
                "ext-intl": "Required for Internationalized Domain Name (IDN) support",
                "psr/log": "Required for using the Log middleware"
            },
            "type": "library",
            "extra": {
                "branch-alias": {
                    "dev-master": "7.4-dev"
                }
            },
            "autoload": {
                "psr-4": {
                    "GuzzleHttp\\": "src/"
                },
                "files": [
                    "src/functions_include.php"
                ]
            },
            "notification-url": "https://packagist.org/downloads/",
            "license": [
                "MIT"
            ],
            "authors": [
                {
                    "name": "Graham Campbell",
                    "email": "hello@gjcampbell.co.uk",
                    "homepage": "https://github.com/GrahamCampbell"
                },
                {
                    "name": "Michael Dowling",
                    "email": "mtdowling@gmail.com",
                    "homepage": "https://github.com/mtdowling"
                },
                {
                    "name": "Jeremy Lindblom",
                    "email": "jeremeamia@gmail.com",
                    "homepage": "https://github.com/jeremeamia"
                },
                {
                    "name": "George Mponos",
                    "email": "gmponos@gmail.com",
                    "homepage": "https://github.com/gmponos"
                },
                {
                    "name": "Tobias Nyholm",
                    "email": "tobias.nyholm@gmail.com",
                    "homepage": "https://github.com/Nyholm"
                },
                {
                    "name": "Márk Sági-Kazár",
                    "email": "mark.sagikazar@gmail.com",
                    "homepage": "https://github.com/sagikazarmark"
                },
                {
                    "name": "Tobias Schultze",
                    "email": "webmaster@tubo-world.de",
                    "homepage": "https://github.com/Tobion"
                }
            ],
            "description": "Guzzle is a PHP HTTP client library",
            "keywords": [
                "client",
                "curl",
                "framework",
                "http",
                "http client",
                "psr-18",
                "psr-7",
                "rest",
                "web service"
            ],
            "funding": [
                {
                    "url": "https://github.com/GrahamCampbell",
                    "type": "github"
                },
                {
                    "url": "https://github.com/Nyholm",
                    "type": "github"
                },
                {
                    "url": "https://tidelift.com/funding/github/packagist/guzzlehttp/guzzle",
                    "type": "tidelift"
                }
            ],
            "time": "2021-12-06T18:43:05+00:00"
        },
        {
            "name": "guzzlehttp/promises",
            "version": "1.5.1",
            "source": {
                "type": "git",
                "url": "https://github.com/guzzle/promises.git",
                "reference": "fe752aedc9fd8fcca3fe7ad05d419d32998a06da"
            },
            "dist": {
                "type": "zip",
                "url": "https://api.github.com/repos/guzzle/promises/zipball/fe752aedc9fd8fcca3fe7ad05d419d32998a06da",
                "reference": "fe752aedc9fd8fcca3fe7ad05d419d32998a06da",
                "shasum": ""
            },
            "require": {
                "php": ">=5.5"
            },
            "require-dev": {
                "symfony/phpunit-bridge": "^4.4 || ^5.1"
            },
            "type": "library",
            "extra": {
                "branch-alias": {
                    "dev-master": "1.5-dev"
                }
            },
            "autoload": {
                "psr-4": {
                    "GuzzleHttp\\Promise\\": "src/"
                },
                "files": [
                    "src/functions_include.php"
                ]
            },
            "notification-url": "https://packagist.org/downloads/",
            "license": [
                "MIT"
            ],
            "authors": [
                {
                    "name": "Graham Campbell",
                    "email": "hello@gjcampbell.co.uk",
                    "homepage": "https://github.com/GrahamCampbell"
                },
                {
                    "name": "Michael Dowling",
                    "email": "mtdowling@gmail.com",
                    "homepage": "https://github.com/mtdowling"
                },
                {
                    "name": "Tobias Nyholm",
                    "email": "tobias.nyholm@gmail.com",
                    "homepage": "https://github.com/Nyholm"
                },
                {
                    "name": "Tobias Schultze",
                    "email": "webmaster@tubo-world.de",
                    "homepage": "https://github.com/Tobion"
                }
            ],
            "description": "Guzzle promises library",
            "keywords": [
                "promise"
            ],
            "funding": [
                {
                    "url": "https://github.com/GrahamCampbell",
                    "type": "github"
                },
                {
                    "url": "https://github.com/Nyholm",
                    "type": "github"
                },
                {
                    "url": "https://tidelift.com/funding/github/packagist/guzzlehttp/promises",
                    "type": "tidelift"
                }
            ],
            "time": "2021-10-22T20:56:57+00:00"
        },
        {
            "name": "guzzlehttp/psr7",
            "version": "2.1.0",
            "source": {
                "type": "git",
                "url": "https://github.com/guzzle/psr7.git",
                "reference": "089edd38f5b8abba6cb01567c2a8aaa47cec4c72"
            },
            "dist": {
                "type": "zip",
                "url": "https://api.github.com/repos/guzzle/psr7/zipball/089edd38f5b8abba6cb01567c2a8aaa47cec4c72",
                "reference": "089edd38f5b8abba6cb01567c2a8aaa47cec4c72",
                "shasum": ""
            },
            "require": {
                "php": "^7.2.5 || ^8.0",
                "psr/http-factory": "^1.0",
                "psr/http-message": "^1.0",
                "ralouphie/getallheaders": "^3.0"
            },
            "provide": {
                "psr/http-factory-implementation": "1.0",
                "psr/http-message-implementation": "1.0"
            },
            "require-dev": {
                "bamarni/composer-bin-plugin": "^1.4.1",
                "http-interop/http-factory-tests": "^0.9",
                "phpunit/phpunit": "^8.5.8 || ^9.3.10"
            },
            "suggest": {
                "laminas/laminas-httphandlerrunner": "Emit PSR-7 responses"
            },
            "type": "library",
            "extra": {
                "branch-alias": {
                    "dev-master": "2.1-dev"
                }
            },
            "autoload": {
                "psr-4": {
                    "GuzzleHttp\\Psr7\\": "src/"
                }
            },
            "notification-url": "https://packagist.org/downloads/",
            "license": [
                "MIT"
            ],
            "authors": [
                {
                    "name": "Graham Campbell",
                    "email": "hello@gjcampbell.co.uk",
                    "homepage": "https://github.com/GrahamCampbell"
                },
                {
                    "name": "Michael Dowling",
                    "email": "mtdowling@gmail.com",
                    "homepage": "https://github.com/mtdowling"
                },
                {
                    "name": "George Mponos",
                    "email": "gmponos@gmail.com",
                    "homepage": "https://github.com/gmponos"
                },
                {
                    "name": "Tobias Nyholm",
                    "email": "tobias.nyholm@gmail.com",
                    "homepage": "https://github.com/Nyholm"
                },
                {
                    "name": "Márk Sági-Kazár",
                    "email": "mark.sagikazar@gmail.com",
                    "homepage": "https://github.com/sagikazarmark"
                },
                {
                    "name": "Tobias Schultze",
                    "email": "webmaster@tubo-world.de",
                    "homepage": "https://github.com/Tobion"
                },
                {
                    "name": "Márk Sági-Kazár",
                    "email": "mark.sagikazar@gmail.com",
                    "homepage": "https://sagikazarmark.hu"
                }
            ],
            "description": "PSR-7 message implementation that also provides common utility methods",
            "keywords": [
                "http",
                "message",
                "psr-7",
                "request",
                "response",
                "stream",
                "uri",
                "url"
            ],
            "funding": [
                {
                    "url": "https://github.com/GrahamCampbell",
                    "type": "github"
                },
                {
                    "url": "https://github.com/Nyholm",
                    "type": "github"
                },
                {
                    "url": "https://tidelift.com/funding/github/packagist/guzzlehttp/psr7",
                    "type": "tidelift"
                }
            ],
            "time": "2021-10-06T17:43:30+00:00"
        },
        {
            "name": "hisamu/php-xbase",
            "version": "2.0.1",
            "source": {
                "type": "git",
                "url": "https://github.com/luads/php-xbase.git",
                "reference": "72e073693c594620ea6fc190b8d34a70e3ed4fc0"
            },
            "dist": {
                "type": "zip",
                "url": "https://api.github.com/repos/luads/php-xbase/zipball/72e073693c594620ea6fc190b8d34a70e3ed4fc0",
                "reference": "72e073693c594620ea6fc190b8d34a70e3ed4fc0",
                "shasum": ""
            },
            "require": {
                "ext-iconv": "*",
                "php": ">=7.1"
            },
            "require-dev": {
                "phpunit/phpunit": "^7.0||^8.0||^9.0"
            },
            "type": "library",
            "extra": {
                "branch-alias": {
                    "dev-master": "2.0.x-dev"
                }
            },
            "autoload": {
                "psr-4": {
                    "XBase\\": "src"
                },
                "exclude-from-classmap": [
                    "/tests"
                ]
            },
            "notification-url": "https://packagist.org/downloads/",
            "license": [
                "MIT"
            ],
            "authors": [
                {
                    "name": "Luã de Souza",
                    "email": "lsouza@codeinc.com.br"
                },
                {
                    "name": "Erwin Kooi",
                    "email": "info@cyane.nl"
                },
                {
                    "name": "Alexander Strizhak",
                    "email": "gam6itko@gmail.com"
                }
            ],
            "description": "A simple parser for *.dbf, *.fpt files using PHP",
            "homepage": "https://github.com/luads/php-xbase",
            "keywords": [
                "dbase",
                "dbf",
                "foxpro"
            ],
            "time": "2021-03-21T20:49:38+00:00"
        },
        {
            "name": "inok/dbf",
            "version": "1.0.7",
            "source": {
                "type": "git",
                "url": "https://github.com/nchizhov/inok-dbf.git",
                "reference": "96122f8b93c2a017aea2745f8f72f6b77ffeac4e"
            },
            "dist": {
                "type": "zip",
                "url": "https://api.github.com/repos/nchizhov/inok-dbf/zipball/96122f8b93c2a017aea2745f8f72f6b77ffeac4e",
                "reference": "96122f8b93c2a017aea2745f8f72f6b77ffeac4e",
                "shasum": ""
            },
            "require": {
                "ext-calendar": "*",
                "ext-ctype": "*",
                "ext-iconv": "*",
                "ext-json": "*",
                "php": ">=5.6"
            },
            "type": "library",
            "autoload": {
                "psr-4": {
                    "Inok\\Dbf\\": "src"
                }
            },
            "notification-url": "https://packagist.org/downloads/",
            "license": [
                "MIT"
            ],
            "authors": [
                {
                    "name": "Chizhov Nikolay",
                    "email": "admin@kgd.in",
                    "homepage": "http://blog.kgd.in",
                    "role": "System Administrator"
                }
            ],
            "description": "Package for reading DBASE-files (FoxPro) with/without MEMO-fields",
            "homepage": "http://blog.kgd.in",
            "keywords": [
                "dbase",
                "dbf",
                "foxpro",
                "memo"
            ],
            "time": "2020-03-15T08:24:29+00:00"
        },
        {
            "name": "mobiledetect/mobiledetectlib",
            "version": "2.8.37",
            "source": {
                "type": "git",
                "url": "https://github.com/serbanghita/Mobile-Detect.git",
                "reference": "9841e3c46f5bd0739b53aed8ac677fa712943df7"
            },
            "dist": {
                "type": "zip",
                "url": "https://api.github.com/repos/serbanghita/Mobile-Detect/zipball/9841e3c46f5bd0739b53aed8ac677fa712943df7",
                "reference": "9841e3c46f5bd0739b53aed8ac677fa712943df7",
                "shasum": ""
            },
            "require": {
                "php": ">=5.0.0"
            },
            "require-dev": {
                "phpunit/phpunit": "~4.8.35||~5.7"
            },
            "type": "library",
            "autoload": {
                "classmap": [
                    "Mobile_Detect.php"
                ],
                "psr-0": {
                    "Detection": "namespaced/"
                }
            },
            "notification-url": "https://packagist.org/downloads/",
            "license": [
                "MIT"
            ],
            "authors": [
                {
                    "name": "Serban Ghita",
                    "email": "serbanghita@gmail.com",
                    "homepage": "http://mobiledetect.net",
                    "role": "Developer"
                }
            ],
            "description": "Mobile_Detect is a lightweight PHP class for detecting mobile devices. It uses the User-Agent string combined with specific HTTP headers to detect the mobile environment.",
            "homepage": "https://github.com/serbanghita/Mobile-Detect",
            "keywords": [
                "detect mobile devices",
                "mobile",
                "mobile detect",
                "mobile detector",
                "php mobile detect"
            ],
            "time": "2021-02-19T21:22:57+00:00"
        },
        {
            "name": "phpmailer/phpmailer",
            "version": "v6.5.0",
            "source": {
                "type": "git",
                "url": "https://github.com/PHPMailer/PHPMailer.git",
                "reference": "a5b5c43e50b7fba655f793ad27303cd74c57363c"
            },
            "dist": {
                "type": "zip",
                "url": "https://api.github.com/repos/PHPMailer/PHPMailer/zipball/a5b5c43e50b7fba655f793ad27303cd74c57363c",
                "reference": "a5b5c43e50b7fba655f793ad27303cd74c57363c",
                "shasum": ""
            },
            "require": {
                "ext-ctype": "*",
                "ext-filter": "*",
                "ext-hash": "*",
                "php": ">=5.5.0"
            },
            "require-dev": {
                "dealerdirect/phpcodesniffer-composer-installer": "^0.7.0",
                "doctrine/annotations": "^1.2",
                "phpcompatibility/php-compatibility": "^9.3.5",
                "roave/security-advisories": "dev-latest",
                "squizlabs/php_codesniffer": "^3.5.6",
                "yoast/phpunit-polyfills": "^0.2.0"
            },
            "suggest": {
                "ext-mbstring": "Needed to send email in multibyte encoding charset or decode encoded addresses",
                "hayageek/oauth2-yahoo": "Needed for Yahoo XOAUTH2 authentication",
                "league/oauth2-google": "Needed for Google XOAUTH2 authentication",
                "psr/log": "For optional PSR-3 debug logging",
                "stevenmaguire/oauth2-microsoft": "Needed for Microsoft XOAUTH2 authentication",
                "symfony/polyfill-mbstring": "To support UTF-8 if the Mbstring PHP extension is not enabled (^1.2)"
            },
            "type": "library",
            "autoload": {
                "psr-4": {
                    "PHPMailer\\PHPMailer\\": "src/"
                }
            },
            "notification-url": "https://packagist.org/downloads/",
            "license": [
                "LGPL-2.1-only"
            ],
            "authors": [
                {
                    "name": "Marcus Bointon",
                    "email": "phpmailer@synchromedia.co.uk"
                },
                {
                    "name": "Jim Jagielski",
                    "email": "jimjag@gmail.com"
                },
                {
                    "name": "Andy Prevost",
                    "email": "codeworxtech@users.sourceforge.net"
                },
                {
                    "name": "Brent R. Matzelle"
                }
            ],
            "description": "PHPMailer is a full-featured email creation and transfer class for PHP",
            "time": "2021-06-16T14:33:43+00:00"
        },
        {
            "name": "privatbank/payparts",
            "version": "1.0.0",
            "source": {
                "type": "git",
                "url": "https://github.com/OCHPrivatBank/ochprivatbank.github.io.git",
                "reference": "c07ae6d8ecd956099e8ec9ae824adb37048e9150"
            },
            "dist": {
                "type": "zip",
                "url": "https://api.github.com/repos/OCHPrivatBank/ochprivatbank.github.io/zipball/c07ae6d8ecd956099e8ec9ae824adb37048e9150",
                "reference": "c07ae6d8ecd956099e8ec9ae824adb37048e9150",
                "shasum": ""
            },
            "require": {
                "php": ">=5.4.0"
            },
            "type": "library",
            "autoload": {
                "psr-4": {
                    "PayParts\\": "src/"
                },
                "psr-0": {
                    "PayParts": "src/",
                    "": "src/"
                },
                "classmap": [
                    "src/"
                ]
            },
            "notification-url": "https://packagist.org/downloads/",
            "license": [
                "MIT"
            ],
            "description": "Класс оплаты частями ПриватБанка",
            "keywords": [
                "pay",
                "pay part",
                "privatbank"
            ],
            "abandoned": true,
            "time": "2016-06-24T08:55:46+00:00"
        },
        {
            "name": "psr/http-client",
            "version": "1.0.1",
            "source": {
                "type": "git",
                "url": "https://github.com/php-fig/http-client.git",
                "reference": "2dfb5f6c5eff0e91e20e913f8c5452ed95b86621"
            },
            "dist": {
                "type": "zip",
                "url": "https://api.github.com/repos/php-fig/http-client/zipball/2dfb5f6c5eff0e91e20e913f8c5452ed95b86621",
                "reference": "2dfb5f6c5eff0e91e20e913f8c5452ed95b86621",
                "shasum": ""
            },
            "require": {
                "php": "^7.0 || ^8.0",
                "psr/http-message": "^1.0"
            },
            "type": "library",
            "extra": {
                "branch-alias": {
                    "dev-master": "1.0.x-dev"
                }
            },
            "autoload": {
                "psr-4": {
                    "Psr\\Http\\Client\\": "src/"
                }
            },
            "notification-url": "https://packagist.org/downloads/",
            "license": [
                "MIT"
            ],
            "authors": [
                {
                    "name": "PHP-FIG",
                    "homepage": "http://www.php-fig.org/"
                }
            ],
            "description": "Common interface for HTTP clients",
            "homepage": "https://github.com/php-fig/http-client",
            "keywords": [
                "http",
                "http-client",
                "psr",
                "psr-18"
            ],
            "time": "2020-06-29T06:28:15+00:00"
        },
        {
            "name": "psr/http-factory",
            "version": "1.0.1",
            "source": {
                "type": "git",
                "url": "https://github.com/php-fig/http-factory.git",
                "reference": "12ac7fcd07e5b077433f5f2bee95b3a771bf61be"
            },
            "dist": {
                "type": "zip",
                "url": "https://api.github.com/repos/php-fig/http-factory/zipball/12ac7fcd07e5b077433f5f2bee95b3a771bf61be",
                "reference": "12ac7fcd07e5b077433f5f2bee95b3a771bf61be",
                "shasum": ""
            },
            "require": {
                "php": ">=7.0.0",
                "psr/http-message": "^1.0"
            },
            "type": "library",
            "extra": {
                "branch-alias": {
                    "dev-master": "1.0.x-dev"
                }
            },
            "autoload": {
                "psr-4": {
                    "Psr\\Http\\Message\\": "src/"
                }
            },
            "notification-url": "https://packagist.org/downloads/",
            "license": [
                "MIT"
            ],
            "authors": [
                {
                    "name": "PHP-FIG",
                    "homepage": "http://www.php-fig.org/"
                }
            ],
            "description": "Common interfaces for PSR-7 HTTP message factories",
            "keywords": [
                "factory",
                "http",
                "message",
                "psr",
                "psr-17",
                "psr-7",
                "request",
                "response"
            ],
            "time": "2019-04-30T12:38:16+00:00"
        },
        {
            "name": "psr/http-message",
            "version": "1.0.1",
            "source": {
                "type": "git",
                "url": "https://github.com/php-fig/http-message.git",
                "reference": "f6561bf28d520154e4b0ec72be95418abe6d9363"
            },
            "dist": {
                "type": "zip",
                "url": "https://api.github.com/repos/php-fig/http-message/zipball/f6561bf28d520154e4b0ec72be95418abe6d9363",
                "reference": "f6561bf28d520154e4b0ec72be95418abe6d9363",
                "shasum": ""
            },
            "require": {
                "php": ">=5.3.0"
            },
            "type": "library",
            "extra": {
                "branch-alias": {
                    "dev-master": "1.0.x-dev"
                }
            },
            "autoload": {
                "psr-4": {
                    "Psr\\Http\\Message\\": "src/"
                }
            },
            "notification-url": "https://packagist.org/downloads/",
            "license": [
                "MIT"
            ],
            "authors": [
                {
                    "name": "PHP-FIG",
                    "homepage": "http://www.php-fig.org/"
                }
            ],
            "description": "Common interface for HTTP messages",
            "homepage": "https://github.com/php-fig/http-message",
            "keywords": [
                "http",
                "http-message",
                "psr",
                "psr-7",
                "request",
                "response"
            ],
            "time": "2016-08-06T14:39:51+00:00"
        },
        {
            "name": "ralouphie/getallheaders",
            "version": "3.0.3",
            "source": {
                "type": "git",
                "url": "https://github.com/ralouphie/getallheaders.git",
                "reference": "120b605dfeb996808c31b6477290a714d356e822"
            },
            "dist": {
                "type": "zip",
                "url": "https://api.github.com/repos/ralouphie/getallheaders/zipball/120b605dfeb996808c31b6477290a714d356e822",
                "reference": "120b605dfeb996808c31b6477290a714d356e822",
                "shasum": ""
            },
            "require": {
                "php": ">=5.6"
            },
            "require-dev": {
                "php-coveralls/php-coveralls": "^2.1",
                "phpunit/phpunit": "^5 || ^6.5"
            },
            "type": "library",
            "autoload": {
                "files": [
                    "src/getallheaders.php"
                ]
            },
            "notification-url": "https://packagist.org/downloads/",
            "license": [
                "MIT"
            ],
            "authors": [
                {
                    "name": "Ralph Khattar",
                    "email": "ralph.khattar@gmail.com"
                }
            ],
            "description": "A polyfill for getallheaders.",
            "time": "2019-03-08T08:55:37+00:00"
        },
        {
            "name": "smarty/smarty",
            "version": "v3.1.39",
            "source": {
                "type": "git",
                "url": "https://github.com/smarty-php/smarty.git",
                "reference": "e27da524f7bcd7361e3ea5cdfa99c4378a7b5419"
            },
            "dist": {
                "type": "zip",
                "url": "https://api.github.com/repos/smarty-php/smarty/zipball/e27da524f7bcd7361e3ea5cdfa99c4378a7b5419",
                "reference": "e27da524f7bcd7361e3ea5cdfa99c4378a7b5419",
                "shasum": ""
            },
            "require": {
                "php": ">=5.2"
            },
            "require-dev": {
                "phpunit/phpunit": "^7.5 || ^6.5 || ^5.7 || ^4.8",
                "smarty/smarty-lexer": "^3.1"
            },
            "type": "library",
            "extra": {
                "branch-alias": {
                    "dev-master": "3.1.x-dev"
                }
            },
            "autoload": {
                "classmap": [
                    "libs/"
                ]
            },
            "notification-url": "https://packagist.org/downloads/",
            "license": [
                "LGPL-3.0"
            ],
            "authors": [
                {
                    "name": "Monte Ohrt",
                    "email": "monte@ohrt.com"
                },
                {
                    "name": "Uwe Tews",
                    "email": "uwe.tews@googlemail.com"
                },
                {
                    "name": "Rodney Rehm",
                    "email": "rodney.rehm@medialize.de"
                }
            ],
            "description": "Smarty - the compiling PHP template engine",
            "homepage": "http://www.smarty.net",
            "keywords": [
                "templating"
            ],
            "time": "2021-02-17T21:57:51+00:00"
        },
        {
            "name": "symfony/deprecation-contracts",
            "version": "v2.5.0",
            "source": {
                "type": "git",
                "url": "https://github.com/symfony/deprecation-contracts.git",
                "reference": "6f981ee24cf69ee7ce9736146d1c57c2780598a8"
            },
            "dist": {
                "type": "zip",
                "url": "https://api.github.com/repos/symfony/deprecation-contracts/zipball/6f981ee24cf69ee7ce9736146d1c57c2780598a8",
                "reference": "6f981ee24cf69ee7ce9736146d1c57c2780598a8",
                "shasum": ""
            },
            "require": {
                "php": ">=7.1"
            },
            "type": "library",
            "extra": {
                "branch-alias": {
                    "dev-main": "2.5-dev"
                },
                "thanks": {
                    "name": "symfony/contracts",
                    "url": "https://github.com/symfony/contracts"
                }
            },
            "autoload": {
                "files": [
                    "function.php"
                ]
            },
            "notification-url": "https://packagist.org/downloads/",
            "license": [
                "MIT"
            ],
            "authors": [
                {
                    "name": "Nicolas Grekas",
                    "email": "p@tchwork.com"
                },
                {
                    "name": "Symfony Community",
                    "homepage": "https://symfony.com/contributors"
                }
            ],
            "description": "A generic function and convention to trigger deprecation notices",
            "homepage": "https://symfony.com",
            "funding": [
                {
                    "url": "https://symfony.com/sponsor",
                    "type": "custom"
                },
                {
                    "url": "https://github.com/fabpot",
                    "type": "github"
                },
                {
                    "url": "https://tidelift.com/funding/github/packagist/symfony/symfony",
                    "type": "tidelift"
                }
            ],
            "time": "2021-07-12T14:48:14+00:00"
        }
    ],
    "packages-dev": [],
    "aliases": [],
    "minimum-stability": "stable",
    "stability-flags": [],
    "prefer-stable": false,
    "prefer-lowest": false,
    "platform": [],
    "platform-dev": [],
    "plugin-api-version": "1.1.0"
}
